
Microsoft Visual Studio Solution File, Format Version 12.00
# Visual Studio 15
VisualStudioVersion = 15.0.28307.329
MinimumVisualStudioVersion = 10.0.40219.1
Project("{9A19103F-16F7-4668-BE54-9A1E7A4F7556}") = "MinMaxSearch", "MinMaxSearch\MinMaxSearch.csproj", "{772AF24E-9923-4A66-A494-DC1999A6294A}"
EndProject
Project("{9A19103F-16F7-4668-BE54-9A1E7A4F7556}") = "MinMaxSearch.UnitTests", "MinMaxSearch.UnitTests\MinMaxSearch.UnitTests.csproj", "{A441AE49-20EF-4353-90D6-13E5E3E8316D}"
EndProject
Project("{9A19103F-16F7-4668-BE54-9A1E7A4F7556}") = "TicTacToeTests", "TicTacToeTests\TicTacToeTests.csproj", "{FD2D2B68-3DC0-4FAD-9F3E-20154A0DE66D}"
EndProject
Project("{9A19103F-16F7-4668-BE54-9A1E7A4F7556}") = "Connect4Tests", "Connect4Tests\Connect4Tests.csproj", "{09A75E8B-7DBA-43A6-ABB8-0A2B03194F0D}"
EndProject
Global
	GlobalSection(SolutionConfigurationPlatforms) = preSolution
		Debug|Any CPU = Debug|Any CPU
		Release|Any CPU = Release|Any CPU
	EndGlobalSection
	GlobalSection(ProjectConfigurationPlatforms) = postSolution
		{772AF24E-9923-4A66-A494-DC1999A6294A}.Debug|Any CPU.ActiveCfg = Debug|Any CPU
		{772AF24E-9923-4A66-A494-DC1999A6294A}.Debug|Any CPU.Build.0 = Debug|Any CPU
		{772AF24E-9923-4A66-A494-DC1999A6294A}.Release|Any CPU.ActiveCfg = Release|Any CPU
		{772AF24E-9923-4A66-A494-DC1999A6294A}.Release|Any CPU.Build.0 = Release|Any CPU
		{A441AE49-20EF-4353-90D6-13E5E3E8316D}.Debug|Any CPU.ActiveCfg = Debug|Any CPU
		{A441AE49-20EF-4353-90D6-13E5E3E8316D}.Debug|Any CPU.Build.0 = Debug|Any CPU
		{A441AE49-20EF-4353-90D6-13E5E3E8316D}.Release|Any CPU.ActiveCfg = Release|Any CPU
		{A441AE49-20EF-4353-90D6-13E5E3E8316D}.Release|Any CPU.Build.0 = Release|Any CPU
		{FD2D2B68-3DC0-4FAD-9F3E-20154A0DE66D}.Debug|Any CPU.ActiveCfg = Debug|Any CPU
		{FD2D2B68-3DC0-4FAD-9F3E-20154A0DE66D}.Debug|Any CPU.Build.0 = Debug|Any CPU
		{FD2D2B68-3DC0-4FAD-9F3E-20154A0DE66D}.Release|Any CPU.ActiveCfg = Release|Any CPU
		{FD2D2B68-3DC0-4FAD-9F3E-20154A0DE66D}.Release|Any CPU.Build.0 = Release|Any CPU
		{09A75E8B-7DBA-43A6-ABB8-0A2B03194F0D}.Debug|Any CPU.ActiveCfg = Debug|Any CPU
		{09A75E8B-7DBA-43A6-ABB8-0A2B03194F0D}.Debug|Any CPU.Build.0 = Debug|Any CPU
		{09A75E8B-7DBA-43A6-ABB8-0A2B03194F0D}.Release|Any CPU.ActiveCfg = Release|Any CPU
		{09A75E8B-7DBA-43A6-ABB8-0A2B03194F0D}.Release|Any CPU.Build.0 = Release|Any CPU
	EndGlobalSection
	GlobalSection(SolutionProperties) = preSolution
		HideSolutionNode = FALSE
	EndGlobalSection
	GlobalSection(ExtensibilityGlobals) = postSolution
		SolutionGuid = {C7ADC64C-C2E2-492F-8539-BA9BEB0F4B97}
	EndGlobalSection
EndGlobal
